
Microsoft Visual Studio Solution File, Format Version 12.00
# Visual Studio 15
VisualStudioVersion = 15.0.26124.0
MinimumVisualStudioVersion = 15.0.26124.0
Project("{FAE04EC0-301F-11D3-BF4B-00C04F79EFBC}") = "RedmineManager", "RedmineManager\RedmineManager.csproj", "{6BB86812-1EFF-4938-B421-F41AF734EFBE}"
EndProject
Project("{2150E333-8FDC-42A3-9474-1A3956D46DE8}") = "Tests", "Tests", "{161F6CDC-414D-4162-8D63-6FDF4A85CBB9}"
EndProject
Project("{FAE04EC0-301F-11D3-BF4B-00C04F79EFBC}") = "RedmineManagerTests", "Tests\RedmineManagerTests\RedmineManagerTests.csproj", "{6D68C2FA-9145-4313-9DD7-2C3E13438602}"
EndProject
Global
	GlobalSection(SolutionConfigurationPlatforms) = preSolution
		Debug|Any CPU = Debug|Any CPU
		Debug|x64 = Debug|x64
		Debug|x86 = Debug|x86
		Release|Any CPU = Release|Any CPU
		Release|x64 = Release|x64
		Release|x86 = Release|x86
	EndGlobalSection
	GlobalSection(SolutionProperties) = preSolution
		HideSolutionNode = FALSE
	EndGlobalSection
	GlobalSection(ProjectConfigurationPlatforms) = postSolution
		{6BB86812-1EFF-4938-B421-F41AF734EFBE}.Debug|Any CPU.ActiveCfg = Debug|Any CPU
		{6BB86812-1EFF-4938-B421-F41AF734EFBE}.Debug|Any CPU.Build.0 = Debug|Any CPU
		{6BB86812-1EFF-4938-B421-F41AF734EFBE}.Debug|x64.ActiveCfg = Debug|Any CPU
		{6BB86812-1EFF-4938-B421-F41AF734EFBE}.Debug|x64.Build.0 = Debug|Any CPU
		{6BB86812-1EFF-4938-B421-F41AF734EFBE}.Debug|x86.ActiveCfg = Debug|Any CPU
		{6BB86812-1EFF-4938-B421-F41AF734EFBE}.Debug|x86.Build.0 = Debug|Any CPU
		{6BB86812-1EFF-4938-B421-F41AF734EFBE}.Release|Any CPU.ActiveCfg = Release|Any CPU
		{6BB86812-1EFF-4938-B421-F41AF734EFBE}.Release|Any CPU.Build.0 = Release|Any CPU
		{6BB86812-1EFF-4938-B421-F41AF734EFBE}.Release|x64.ActiveCfg = Release|Any CPU
		{6BB86812-1EFF-4938-B421-F41AF734EFBE}.Release|x64.Build.0 = Release|Any CPU
		{6BB86812-1EFF-4938-B421-F41AF734EFBE}.Release|x86.ActiveCfg = Release|Any CPU
		{6BB86812-1EFF-4938-B421-F41AF734EFBE}.Release|x86.Build.0 = Release|Any CPU
		{6D68C2FA-9145-4313-9DD7-2C3E13438602}.Debug|Any CPU.ActiveCfg = Debug|Any CPU
		{6D68C2FA-9145-4313-9DD7-2C3E13438602}.Debug|Any CPU.Build.0 = Debug|Any CPU
		{6D68C2FA-9145-4313-9DD7-2C3E13438602}.Debug|x64.ActiveCfg = Debug|Any CPU
		{6D68C2FA-9145-4313-9DD7-2C3E13438602}.Debug|x64.Build.0 = Debug|Any CPU
		{6D68C2FA-9145-4313-9DD7-2C3E13438602}.Debug|x86.ActiveCfg = Debug|Any CPU
		{6D68C2FA-9145-4313-9DD7-2C3E13438602}.Debug|x86.Build.0 = Debug|Any CPU
		{6D68C2FA-9145-4313-9DD7-2C3E13438602}.Release|Any CPU.ActiveCfg = Release|Any CPU
		{6D68C2FA-9145-4313-9DD7-2C3E13438602}.Release|Any CPU.Build.0 = Release|Any CPU
		{6D68C2FA-9145-4313-9DD7-2C3E13438602}.Release|x64.ActiveCfg = Release|Any CPU
		{6D68C2FA-9145-4313-9DD7-2C3E13438602}.Release|x64.Build.0 = Release|Any CPU
		{6D68C2FA-9145-4313-9DD7-2C3E13438602}.Release|x86.ActiveCfg = Release|Any CPU
		{6D68C2FA-9145-4313-9DD7-2C3E13438602}.Release|x86.Build.0 = Release|Any CPU
	EndGlobalSection
	GlobalSection(NestedProjects) = preSolution
		{6D68C2FA-9145-4313-9DD7-2C3E13438602} = {161F6CDC-414D-4162-8D63-6FDF4A85CBB9}
	EndGlobalSection
EndGlobal
